PODS:
  - Alamofire (4.8.2)
  - Cosmos (19.0.3)
  - IQKeyboardManagerSwift (6.4.0)
  - Kingfisher (5.7.0)
  - MOLH (1.0)
  - SwiftyJSON (5.0.0)

DEPENDENCIES:
  - Alamofire
  - Cosmos (~> 19.0)
  - IQKeyboardManagerSwift
  - Kingfisher
  - MOLH
  - SwiftyJSON

SPEC REPOS:
  https://github.com/cocoapods/specs.git:
    - Alamofire
    - Cosmos
    - IQKeyboardManagerSwift
    - Kingfisher
    - MOLH
    - SwiftyJSON

SPEC CHECKSUMS:
  Alamofire: ae5c501addb7afdbb13687d7f2f722c78734c2d3
  Cosmos: a6fb17284281fa12cf4c85c2efecd440a215ec44
  IQKeyboardManagerSwift: ed9b04ee0e3067ffba543283462d619f944b05e5
  Kingfisher: c7d211b54f1f30d8060aadab177d52b4349c825b
  MOLH: 2492e7f8fe3400580832312dc0fb9e05d7e92726
  SwiftyJSON: 36413e04c44ee145039d332b4f4e2d3e8d6c4db7

PODFILE CHECKSUM: 48db6c446c8b87591eb7200c131110d93481ef13

COCOAPODS: 1.7.5
