// !$*UTF8*$!
{
	archiveVersion = 1;
	classes = {
	};
	objectVersion = 51;
	objects = {

/* Begin PBXBuildFile section */
		520536EE22FC471300C8696C /* rateApi.swift in Sources */ = {isa = PBXBuildFile; fileRef = 520536ED22FC471300C8696C /* rateApi.swift */; };
		5207755322FB053B007708AA /* imageRound.swift in Sources */ = {isa = PBXBuildFile; fileRef = 5207755222FB053B007708AA /* imageRound.swift */; };
		520BCE0A22E9FBBD00FFB95D /* productsApi.swift in Sources */ = {isa = PBXBuildFile; fileRef = 520BCE0922E9FBBD00FFB95D /* productsApi.swift */; };
		520BCE0D22E9FC3900FFB95D /* productsModel.swift in Sources */ = {isa = PBXBuildFile; fileRef = 520BCE0C22E9FC3900FFB95D /* productsModel.swift */; };
		520BCE0F22EA14B600FFB95D /* productColorCell.swift in Sources */ = {isa = PBXBuildFile; fileRef = 520BCE0E22EA14B600FFB95D /* productColorCell.swift */; };
		520C7F8A22EEE7E300BEBC7D /* featureProductsCell.swift in Sources */ = {isa = PBXBuildFile; fileRef = 520C7F8922EEE7E300BEBC7D /* featureProductsCell.swift */; };
		520C7F8C22EEE7FD00BEBC7D /* latestProductsCell.swift in Sources */ = {isa = PBXBuildFile; fileRef = 520C7F8B22EEE7FD00BEBC7D /* latestProductsCell.swift */; };
		520C7F9222EEE8F200BEBC7D /* latestProducts.swift in Sources */ = {isa = PBXBuildFile; fileRef = 520C7F9122EEE8F200BEBC7D /* latestProducts.swift */; };
		520C7F9422EEE90A00BEBC7D /* featureProducts.swift in Sources */ = {isa = PBXBuildFile; fileRef = 520C7F9322EEE90A00BEBC7D /* featureProducts.swift */; };
		520C7F9C22F08D0D00BEBC7D /* cartApi.swift in Sources */ = {isa = PBXBuildFile; fileRef = 520C7F9B22F08D0D00BEBC7D /* cartApi.swift */; };
		520C7F9E22F0933900BEBC7D /* selected.png in Resources */ = {isa = PBXBuildFile; fileRef = 520C7F9D22F0933900BEBC7D /* selected.png */; };
		5211645E22DF23AF008AC521 /* textViewRound.swift in Sources */ = {isa = PBXBuildFile; fileRef = 5211645D22DF23AF008AC521 /* textViewRound.swift */; };
		5211646222DF5172008AC521 /* singleProductDetailsCell.swift in Sources */ = {isa = PBXBuildFile; fileRef = 5211646122DF5172008AC521 /* singleProductDetailsCell.swift */; };
		5211646422DF5C41008AC521 /* singleProductDetailsCollectionViewCell.swift in Sources */ = {isa = PBXBuildFile; fileRef = 5211646322DF5C41008AC521 /* singleProductDetailsCollectionViewCell.swift */; };
		521AF23D22DB810900D9E6DE /* HomeTopCollectionViewCell.swift in Sources */ = {isa = PBXBuildFile; fileRef = 521AF23C22DB810900D9E6DE /* HomeTopCollectionViewCell.swift */; };
		52559DF622F8420200BE5391 /* createOrder.swift in Sources */ = {isa = PBXBuildFile; fileRef = 52559DF522F8420200BE5391 /* createOrder.swift */; };
		5267E82122E856EF00B5EC65 /* homeApi.swift in Sources */ = {isa = PBXBuildFile; fileRef = 5267E82022E856EF00B5EC65 /* homeApi.swift */; };
		5267E82422E857C900B5EC65 /* sliderModel.swift in Sources */ = {isa = PBXBuildFile; fileRef = 5267E82322E857C900B5EC65 /* sliderModel.swift */; };
		5267E82922E864EF00B5EC65 /* placeholder.png in Resources */ = {isa = PBXBuildFile; fileRef = 5267E82822E864EF00B5EC65 /* placeholder.png */; };
		52820555230C444A00CDF659 /* Localizable.strings in Resources */ = {isa = PBXBuildFile; fileRef = 52820557230C444A00CDF659 /* Localizable.strings */; };
		5282055A230D4F3800CDF659 /* profileApi.swift in Sources */ = {isa = PBXBuildFile; fileRef = 52820559230D4F3800CDF659 /* profileApi.swift */; };
		528C71DC22F1F32100E14789 /* favoriteApi.swift in Sources */ = {isa = PBXBuildFile; fileRef = 528C71DB22F1F32100E14789 /* favoriteApi.swift */; };
		528FAA9922E75D380031E586 /* API.swift in Sources */ = {isa = PBXBuildFile; fileRef = 528FAA9822E75D370031E586 /* API.swift */; };
		528FAA9B22E75EFC0031E586 /* Config.swift in Sources */ = {isa = PBXBuildFile; fileRef = 528FAA9A22E75EFC0031E586 /* Config.swift */; };
		528FAA9F22E7766F0031E586 /* helper.swift in Sources */ = {isa = PBXBuildFile; fileRef = 528FAA9E22E7766F0031E586 /* helper.swift */; };
		5297601222F979570091B8CF /* orderApi.swift in Sources */ = {isa = PBXBuildFile; fileRef = 5297601122F979570091B8CF /* orderApi.swift */; };
		52AA56E622DDD6A1002616B6 /* segmentedRound.swift in Sources */ = {isa = PBXBuildFile; fileRef = 52AA56E522DDD6A1002616B6 /* segmentedRound.swift */; };
		52AA56E822DE1F3C002616B6 /* viewRound.swift in Sources */ = {isa = PBXBuildFile; fileRef = 52AA56E722DE1F3B002616B6 /* viewRound.swift */; };
		52AA56EE22DE2C73002616B6 /* circleView.swift in Sources */ = {isa = PBXBuildFile; fileRef = 52AA56ED22DE2C73002616B6 /* circleView.swift */; };
		CEA9B17522CA9B7C00FCBEBD /* myOrdersRate.swift in Sources */ = {isa = PBXBuildFile; fileRef = CEA9B17422CA9B7C00FCBEBD /* myOrdersRate.swift */; };
		CEA9B17722CAA7D000FCBEBD /* ProfileViewController.swift in Sources */ = {isa = PBXBuildFile; fileRef = CEA9B17622CAA7D000FCBEBD /* ProfileViewController.swift */; };
		CEA9B17922CAB1A500FCBEBD /* FavoriteViewController.swift in Sources */ = {isa = PBXBuildFile; fileRef = CEA9B17822CAB1A500FCBEBD /* FavoriteViewController.swift */; };
		CEA9B17B22CAB4C700FCBEBD /* FavoriteCell.swift in Sources */ = {isa = PBXBuildFile; fileRef = CEA9B17A22CAB4C700FCBEBD /* FavoriteCell.swift */; };
		CEC66E3A22CB54350029929A /* CartCell.swift in Sources */ = {isa = PBXBuildFile; fileRef = CEC66E3922CB54350029929A /* CartCell.swift */; };
		CED24CF222CA0B900075FD9F /* MyOrdersCell.swift in Sources */ = {isa = PBXBuildFile; fileRef = CED24CF122CA0B900075FD9F /* MyOrdersCell.swift */; };
		CED24CF422CA4C320075FD9F /* MyOrdersDetailsCell.swift in Sources */ = {isa = PBXBuildFile; fileRef = CED24CF322CA4C320075FD9F /* MyOrdersDetailsCell.swift */; };
		CEDD930522C22DD700278FDD /* labelRound.swift in Sources */ = {isa = PBXBuildFile; fileRef = CEDD930422C22DD700278FDD /* labelRound.swift */; };
		CEDD930A22C24D4100278FDD /* buttonRound.swift in Sources */ = {isa = PBXBuildFile; fileRef = CEDD930922C24D4100278FDD /* buttonRound.swift */; };
		CEDD930C22C24E1400278FDD /* SignUp.swift in Sources */ = {isa = PBXBuildFile; fileRef = CEDD930B22C24E1400278FDD /* SignUp.swift */; };
		CEDD930E22C24E9700278FDD /* Home.swift in Sources */ = {isa = PBXBuildFile; fileRef = CEDD930D22C24E9700278FDD /* Home.swift */; };
		CEDD931022C2504B00278FDD /* More.swift in Sources */ = {isa = PBXBuildFile; fileRef = CEDD930F22C2504B00278FDD /* More.swift */; };
		CEDD931222C251EA00278FDD /* Products.swift in Sources */ = {isa = PBXBuildFile; fileRef = CEDD931122C251EA00278FDD /* Products.swift */; };
		CEDD931422C252B100278FDD /* ProductCategoryDetails.swift in Sources */ = {isa = PBXBuildFile; fileRef = CEDD931322C252B100278FDD /* ProductCategoryDetails.swift */; };
		CEDD931622C2530500278FDD /* SingleProductDetail.swift in Sources */ = {isa = PBXBuildFile; fileRef = CEDD931522C2530500278FDD /* SingleProductDetail.swift */; };
		CEDD931822C258F500278FDD /* ProductCell.swift in Sources */ = {isa = PBXBuildFile; fileRef = CEDD931722C258F500278FDD /* ProductCell.swift */; };
		CEDD931A22C2599000278FDD /* ProductCategoryDetailsCell.swift in Sources */ = {isa = PBXBuildFile; fileRef = CEDD931922C2599000278FDD /* ProductCategoryDetailsCell.swift */; };
		CEDD931C22C25C1800278FDD /* HomeServicesCell.swift in Sources */ = {isa = PBXBuildFile; fileRef = CEDD931B22C25C1800278FDD /* HomeServicesCell.swift */; };
		CEDD931E22C25E4900278FDD /* HomeProductsCell.swift in Sources */ = {isa = PBXBuildFile; fileRef = CEDD931D22C25E4900278FDD /* HomeProductsCell.swift */; };
		CEDD932022C2737200278FDD /* Cart.swift in Sources */ = {isa = PBXBuildFile; fileRef = CEDD931F22C2737200278FDD /* Cart.swift */; };
		CEF3523822C0DC2600ECD001 /* AppDelegate.swift in Sources */ = {isa = PBXBuildFile; fileRef = CEF3523722C0DC2600ECD001 /* AppDelegate.swift */; };
		CEF3523A22C0DC2600ECD001 /* Login.swift in Sources */ = {isa = PBXBuildFile; fileRef = CEF3523922C0DC2600ECD001 /* Login.swift */; };
		CEF3523D22C0DC2600ECD001 /* Main.storyboard in Resources */ = {isa = PBXBuildFile; fileRef = CEF3523B22C0DC2600ECD001 /* Main.storyboard */; };
		CEF3523F22C0DC2700ECD001 /* Assets.xcassets in Resources */ = {isa = PBXBuildFile; fileRef = CEF3523E22C0DC2700ECD001 /* Assets.xcassets */; };
		CEF3524222C0DC2700ECD001 /* LaunchScreen.storyboard in Resources */ = {isa = PBXBuildFile; fileRef = CEF3524022C0DC2700ECD001 /* LaunchScreen.storyboard */; };
		CEF3524C22C1105300ECD001 /* textRound.swift in Sources */ = {isa = PBXBuildFile; fileRef = CEF3524B22C1105300ECD001 /* textRound.swift */; };
		CEFC4FDC22C38C3400140BFD /* MyOrders.swift in Sources */ = {isa = PBXBuildFile; fileRef = CEFC4FDB22C38C3400140BFD /* MyOrders.swift */; };
		CEFC4FDE22C38C4C00140BFD /* MyOrdersDetail.swift in Sources */ = {isa = PBXBuildFile; fileRef = CEFC4FDD22C38C4C00140BFD /* MyOrdersDetail.swift */; };
		D87D61D2DBB6820BE31282FB /* Pods_Style_Cosmetics.framework in Frameworks */ = {isa = PBXBuildFile; fileRef = C8FB72A2BCD60AF962CD158B /* Pods_Style_Cosmetics.framework */; };
/* End PBXBuildFile section */

/* Begin PBXFileReference section */
		520536ED22FC471300C8696C /* rateApi.swift */ = {isa = PBXFileReference; lastKnownFileType = sourcecode.swift; name = rateApi.swift; path = "Style Cosmetics/View/Corner Round/rateApi.swift"; sourceTree = SOURCE_ROOT; };
		5207755222FB053B007708AA /* imageRound.swift */ = {isa = PBXFileReference; lastKnownFileType = sourcecode.swift; path = imageRound.swift; sourceTree = "<group>"; };
		520BCE0922E9FBBD00FFB95D /* productsApi.swift */ = {isa = PBXFileReference; lastKnownFileType = sourcecode.swift; name = productsApi.swift; path = "Style Cosmetics/Model/home/productsApi.swift"; sourceTree = SOURCE_ROOT; };
		520BCE0C22E9FC3900FFB95D /* productsModel.swift */ = {isa = PBXFileReference; lastKnownFileType = sourcecode.swift; path = productsModel.swift; sourceTree = "<group>"; };
		520BCE0E22EA14B600FFB95D /* productColorCell.swift */ = {isa = PBXFileReference; lastKnownFileType = sourcecode.swift; path = productColorCell.swift; sourceTree = "<group>"; };
		520C7F8922EEE7E300BEBC7D /* featureProductsCell.swift */ = {isa = PBXFileReference; lastKnownFileType = sourcecode.swift; path = featureProductsCell.swift; sourceTree = "<group>"; };
		520C7F8B22EEE7FD00BEBC7D /* latestProductsCell.swift */ = {isa = PBXFileReference; lastKnownFileType = sourcecode.swift; path = latestProductsCell.swift; sourceTree = "<group>"; };
		520C7F9122EEE8F200BEBC7D /* latestProducts.swift */ = {isa = PBXFileReference; lastKnownFileType = sourcecode.swift; path = latestProducts.swift; sourceTree = "<group>"; };
		520C7F9322EEE90A00BEBC7D /* featureProducts.swift */ = {isa = PBXFileReference; lastKnownFileType = sourcecode.swift; path = featureProducts.swift; sourceTree = "<group>"; };
		520C7F9B22F08D0D00BEBC7D /* cartApi.swift */ = {isa = PBXFileReference; lastKnownFileType = sourcecode.swift; name = cartApi.swift; path = "Style Cosmetics/Controller/cartApi.swift"; sourceTree = SOURCE_ROOT; };
		520C7F9D22F0933900BEBC7D /* selected.png */ = {isa = PBXFileReference; lastKnownFileType = image.png; path = selected.png; sourceTree = "<group>"; };
		5211645D22DF23AF008AC521 /* textViewRound.swift */ = {isa = PBXFileReference; lastKnownFileType = sourcecode.swift; path = textViewRound.swift; sourceTree = "<group>"; };
		5211646122DF5172008AC521 /* singleProductDetailsCell.swift */ = {isa = PBXFileReference; lastKnownFileType = sourcecode.swift; path = singleProductDetailsCell.swift; sourceTree = "<group>"; };
		5211646322DF5C41008AC521 /* singleProductDetailsCollectionViewCell.swift */ = {isa = PBXFileReference; lastKnownFileType = sourcecode.swift; path = singleProductDetailsCollectionViewCell.swift; sourceTree = "<group>"; };
		521AF23C22DB810900D9E6DE /* HomeTopCollectionViewCell.swift */ = {isa = PBXFileReference; lastKnownFileType = sourcecode.swift; path = HomeTopCollectionViewCell.swift; sourceTree = "<group>"; };
		52559DF522F8420200BE5391 /* createOrder.swift */ = {isa = PBXFileReference; lastKnownFileType = sourcecode.swift; path = createOrder.swift; sourceTree = "<group>"; };
		5267E82022E856EF00B5EC65 /* homeApi.swift */ = {isa = PBXFileReference; lastKnownFileType = sourcecode.swift; name = homeApi.swift; path = "Style Cosmetics/homeApi.swift"; sourceTree = SOURCE_ROOT; };
		5267E82322E857C900B5EC65 /* sliderModel.swift */ = {isa = PBXFileReference; lastKnownFileType = sourcecode.swift; path = sliderModel.swift; sourceTree = "<group>"; };
		5267E82822E864EF00B5EC65 /* placeholder.png */ = {isa = PBXFileReference; lastKnownFileType = image.png; path = placeholder.png; sourceTree = "<group>"; };
		52820556230C444A00CDF659 /* en */ = {isa = PBXFileReference; lastKnownFileType = text.plist.strings; name = en; path = en.lproj/Localizable.strings; sourceTree = "<group>"; };
		52820558230C445200CDF659 /* he */ = {isa = PBXFileReference; lastKnownFileType = text.plist.strings; name = he; path = he.lproj/Localizable.strings; sourceTree = "<group>"; };
		52820559230D4F3800CDF659 /* profileApi.swift */ = {isa = PBXFileReference; lastKnownFileType = sourcecode.swift; name = profileApi.swift; path = "Style Cosmetics/profileApi.swift"; sourceTree = SOURCE_ROOT; };
		528C71DB22F1F32100E14789 /* favoriteApi.swift */ = {isa = PBXFileReference; lastKnownFileType = sourcecode.swift; name = favoriteApi.swift; path = "Style Cosmetics/Controller/favoriteApi.swift"; sourceTree = SOURCE_ROOT; };
		528E222B230C13AD00C42E2C /* he */ = {isa = PBXFileReference; lastKnownFileType = text.plist.strings; name = he; path = he.lproj/LaunchScreen.strings; sourceTree = "<group>"; };
		528E222D230C1E4900C42E2C /* he */ = {isa = PBXFileReference; lastKnownFileType = text.plist.strings; name = he; path = he.lproj/Main.strings; sourceTree = "<group>"; };
		528FAA9822E75D370031E586 /* API.swift */ = {isa = PBXFileReference; lastKnownFileType = sourcecode.swift; name = API.swift; path = "Style Cosmetics/API.swift"; sourceTree = SOURCE_ROOT; };
		528FAA9A22E75EFC0031E586 /* Config.swift */ = {isa = PBXFileReference; lastKnownFileType = sourcecode.swift; path = Config.swift; sourceTree = "<group>"; };
		528FAA9E22E7766F0031E586 /* helper.swift */ = {isa = PBXFileReference; lastKnownFileType = sourcecode.swift; path = helper.swift; sourceTree = "<group>"; };
		5297601122F979570091B8CF /* orderApi.swift */ = {isa = PBXFileReference; lastKnownFileType = sourcecode.swift; name = orderApi.swift; path = "Style Cosmetics/Controller/orderApi.swift"; sourceTree = SOURCE_ROOT; };
		52AA56E522DDD6A1002616B6 /* segmentedRound.swift */ = {isa = PBXFileReference; lastKnownFileType = sourcecode.swift; path = segmentedRound.swift; sourceTree = "<group>"; };
		52AA56E722DE1F3B002616B6 /* viewRound.swift */ = {isa = PBXFileReference; lastKnownFileType = sourcecode.swift; path = viewRound.swift; sourceTree = "<group>"; };
		52AA56ED22DE2C73002616B6 /* circleView.swift */ = {isa = PBXFileReference; lastKnownFileType = sourcecode.swift; path = circleView.swift; sourceTree = "<group>"; };
		7B153502FF1EF05C01A5EDB4 /* Pods-Style Cosmetics.release.xcconfig */ = {isa = PBXFileReference; includeInIndex = 1; lastKnownFileType = text.xcconfig; name = "Pods-Style Cosmetics.release.xcconfig"; path = "Target Support Files/Pods-Style Cosmetics/Pods-Style Cosmetics.release.xcconfig"; sourceTree = "<group>"; };
		C8FB72A2BCD60AF962CD158B /* Pods_Style_Cosmetics.framework */ = {isa = PBXFileReference; explicitFileType = wrapper.framework; includeInIndex = 0; path = Pods_Style_Cosmetics.framework; sourceTree = BUILT_PRODUCTS_DIR; };
		CEA9B17422CA9B7C00FCBEBD /* myOrdersRate.swift */ = {isa = PBXFileReference; lastKnownFileType = sourcecode.swift; path = myOrdersRate.swift; sourceTree = "<group>"; };
		CEA9B17622CAA7D000FCBEBD /* ProfileViewController.swift */ = {isa = PBXFileReference; lastKnownFileType = sourcecode.swift; path = ProfileViewController.swift; sourceTree = "<group>"; };
		CEA9B17822CAB1A500FCBEBD /* FavoriteViewController.swift */ = {isa = PBXFileReference; lastKnownFileType = sourcecode.swift; path = FavoriteViewController.swift; sourceTree = "<group>"; };
		CEA9B17A22CAB4C700FCBEBD /* FavoriteCell.swift */ = {isa = PBXFileReference; lastKnownFileType = sourcecode.swift; path = FavoriteCell.swift; sourceTree = "<group>"; };
		CEC66E3922CB54350029929A /* CartCell.swift */ = {isa = PBXFileReference; lastKnownFileType = sourcecode.swift; path = CartCell.swift; sourceTree = "<group>"; };
		CED24CF122CA0B900075FD9F /* MyOrdersCell.swift */ = {isa = PBXFileReference; lastKnownFileType = sourcecode.swift; path = MyOrdersCell.swift; sourceTree = "<group>"; };
		CED24CF322CA4C320075FD9F /* MyOrdersDetailsCell.swift */ = {isa = PBXFileReference; lastKnownFileType = sourcecode.swift; path = MyOrdersDetailsCell.swift; sourceTree = "<group>"; };
		CEDD930422C22DD700278FDD /* labelRound.swift */ = {isa = PBXFileReference; lastKnownFileType = sourcecode.swift; path = labelRound.swift; sourceTree = "<group>"; };
		CEDD930922C24D4100278FDD /* buttonRound.swift */ = {isa = PBXFileReference; lastKnownFileType = sourcecode.swift; path = buttonRound.swift; sourceTree = "<group>"; };
		CEDD930B22C24E1400278FDD /* SignUp.swift */ = {isa = PBXFileReference; lastKnownFileType = sourcecode.swift; path = SignUp.swift; sourceTree = "<group>"; };
		CEDD930D22C24E9700278FDD /* Home.swift */ = {isa = PBXFileReference; lastKnownFileType = sourcecode.swift; path = Home.swift; sourceTree = "<group>"; };
		CEDD930F22C2504B00278FDD /* More.swift */ = {isa = PBXFileReference; lastKnownFileType = sourcecode.swift; path = More.swift; sourceTree = "<group>"; };
		CEDD931122C251EA00278FDD /* Products.swift */ = {isa = PBXFileReference; lastKnownFileType = sourcecode.swift; path = Products.swift; sourceTree = "<group>"; };
		CEDD931322C252B100278FDD /* ProductCategoryDetails.swift */ = {isa = PBXFileReference; lastKnownFileType = sourcecode.swift; path = ProductCategoryDetails.swift; sourceTree = "<group>"; };
		CEDD931522C2530500278FDD /* SingleProductDetail.swift */ = {isa = PBXFileReference; lastKnownFileType = sourcecode.swift; path = SingleProductDetail.swift; sourceTree = "<group>"; };
		CEDD931722C258F500278FDD /* ProductCell.swift */ = {isa = PBXFileReference; lastKnownFileType = sourcecode.swift; path = ProductCell.swift; sourceTree = "<group>"; };
		CEDD931922C2599000278FDD /* ProductCategoryDetailsCell.swift */ = {isa = PBXFileReference; lastKnownFileType = sourcecode.swift; path = ProductCategoryDetailsCell.swift; sourceTree = "<group>"; };
		CEDD931B22C25C1800278FDD /* HomeServicesCell.swift */ = {isa = PBXFileReference; lastKnownFileType = sourcecode.swift; path = HomeServicesCell.swift; sourceTree = "<group>"; };
		CEDD931D22C25E4900278FDD /* HomeProductsCell.swift */ = {isa = PBXFileReference; lastKnownFileType = sourcecode.swift; path = HomeProductsCell.swift; sourceTree = "<group>"; };
		CEDD931F22C2737200278FDD /* Cart.swift */ = {isa = PBXFileReference; lastKnownFileType = sourcecode.swift; path = Cart.swift; sourceTree = "<group>"; };
		CEF3523422C0DC2600ECD001 /* Style Cosmetics.app */ = {isa = PBXFileReference; explicitFileType = wrapper.application; includeInIndex = 0; path = "Style Cosmetics.app"; sourceTree = BUILT_PRODUCTS_DIR; };
		CEF3523722C0DC2600ECD001 /* AppDelegate.swift */ = {isa = PBXFileReference; lastKnownFileType = sourcecode.swift; path = AppDelegate.swift; sourceTree = "<group>"; };
		CEF3523922C0DC2600ECD001 /* Login.swift */ = {isa = PBXFileReference; lastKnownFileType = sourcecode.swift; path = Login.swift; sourceTree = "<group>"; };
		CEF3523C22C0DC2600ECD001 /* Base */ = {isa = PBXFileReference; lastKnownFileType = file.storyboard; name = Base; path = Base.lproj/Main.storyboard; sourceTree = "<group>"; };
		CEF3523E22C0DC2700ECD001 /* Assets.xcassets */ = {isa = PBXFileReference; lastKnownFileType = folder.assetcatalog; path = Assets.xcassets; sourceTree = "<group>"; };
		CEF3524122C0DC2700ECD001 /* Base */ = {isa = PBXFileReference; lastKnownFileType = file.storyboard; name = Base; path = Base.lproj/LaunchScreen.storyboard; sourceTree = "<group>"; };
		CEF3524322C0DC2700ECD001 /* Info.plist */ = {isa = PBXFileReference; lastKnownFileType = text.plist.xml; path = Info.plist; sourceTree = "<group>"; };
		CEF3524B22C1105300ECD001 /* textRound.swift */ = {isa = PBXFileReference; lastKnownFileType = sourcecode.swift; path = textRound.swift; sourceTree = "<group>"; };
		CEFC4FDB22C38C3400140BFD /* MyOrders.swift */ = {isa = PBXFileReference; lastKnownFileType = sourcecode.swift; path = MyOrders.swift; sourceTree = "<group>"; };
		CEFC4FDD22C38C4C00140BFD /* MyOrdersDetail.swift */ = {isa = PBXFileReference; lastKnownFileType = sourcecode.swift; path = MyOrdersDetail.swift; sourceTree = "<group>"; };
		D71926021429E2C9FA29B2DB /* Pods-Style Cosmetics.debug.xcconfig */ = {isa = PBXFileReference; includeInIndex = 1; lastKnownFileType = text.xcconfig; name = "Pods-Style Cosmetics.debug.xcconfig"; path = "Target Support Files/Pods-Style Cosmetics/Pods-Style Cosmetics.debug.xcconfig"; sourceTree = "<group>"; };
/* End PBXFileReference section */

/* Begin PBXFrameworksBuildPhase section */
		CEF3523122C0DC2600ECD001 /* Frameworks */ = {
			isa = PBXFrameworksBuildPhase;
			buildActionMask = 2147483647;
			files = (
				D87D61D2DBB6820BE31282FB /* Pods_Style_Cosmetics.framework in Frameworks */,
			);
			runOnlyForDeploymentPostprocessing = 0;
		};
/* End PBXFrameworksBuildPhase section */

/* Begin PBXGroup section */
		5211645F22DF23C2008AC521 /* Corner Round */ = {
			isa = PBXGroup;
			children = (
				5211645D22DF23AF008AC521 /* textViewRound.swift */,
				CEF3524B22C1105300ECD001 /* textRound.swift */,
				CEDD930422C22DD700278FDD /* labelRound.swift */,
				CEDD930922C24D4100278FDD /* buttonRound.swift */,
				52AA56E522DDD6A1002616B6 /* segmentedRound.swift */,
				52AA56E722DE1F3B002616B6 /* viewRound.swift */,
				52AA56ED22DE2C73002616B6 /* circleView.swift */,
				5207755222FB053B007708AA /* imageRound.swift */,
			);
			path = "Corner Round";
			sourceTree = "<group>";
		};
		5211646022DF23FB008AC521 /* Cells */ = {
			isa = PBXGroup;
			children = (
				CEDD931722C258F500278FDD /* ProductCell.swift */,
				CEDD931922C2599000278FDD /* ProductCategoryDetailsCell.swift */,
				521AF23C22DB810900D9E6DE /* HomeTopCollectionViewCell.swift */,
				CEDD931B22C25C1800278FDD /* HomeServicesCell.swift */,
				CEDD931D22C25E4900278FDD /* HomeProductsCell.swift */,
				CED24CF122CA0B900075FD9F /* MyOrdersCell.swift */,
				CED24CF322CA4C320075FD9F /* MyOrdersDetailsCell.swift */,
				CEA9B17A22CAB4C700FCBEBD /* FavoriteCell.swift */,
				CEC66E3922CB54350029929A /* CartCell.swift */,
				5211646122DF5172008AC521 /* singleProductDetailsCell.swift */,
				5211646322DF5C41008AC521 /* singleProductDetailsCollectionViewCell.swift */,
				520BCE0E22EA14B600FFB95D /* productColorCell.swift */,
				520C7F8922EEE7E300BEBC7D /* featureProductsCell.swift */,
				520C7F8B22EEE7FD00BEBC7D /* latestProductsCell.swift */,
			);
			path = Cells;
			sourceTree = "<group>";
		};
		71EC7E4F2823A8AD8881BEA7 /* Pods */ = {
			isa = PBXGroup;
			children = (
				D71926021429E2C9FA29B2DB /* Pods-Style Cosmetics.debug.xcconfig */,
				7B153502FF1EF05C01A5EDB4 /* Pods-Style Cosmetics.release.xcconfig */,
			);
			path = Pods;
			sourceTree = "<group>";
		};
		9CC076008DB83157950C0A9C /* Frameworks */ = {
			isa = PBXGroup;
			children = (
				C8FB72A2BCD60AF962CD158B /* Pods_Style_Cosmetics.framework */,
			);
			name = Frameworks;
			sourceTree = "<group>";
		};
		CEDD930622C24D0B00278FDD /* Model */ = {
			isa = PBXGroup;
			children = (
				520BCE0C22E9FC3900FFB95D /* productsModel.swift */,
				5267E82322E857C900B5EC65 /* sliderModel.swift */,
			);
			path = Model;
			sourceTree = "<group>";
		};
		CEDD930722C24D1500278FDD /* API Services */ = {
			isa = PBXGroup;
			children = (
				528FAA9822E75D370031E586 /* API.swift */,
				5267E82022E856EF00B5EC65 /* homeApi.swift */,
				520BCE0922E9FBBD00FFB95D /* productsApi.swift */,
				520C7F9B22F08D0D00BEBC7D /* cartApi.swift */,
				528C71DB22F1F32100E14789 /* favoriteApi.swift */,
				5297601122F979570091B8CF /* orderApi.swift */,
				520536ED22FC471300C8696C /* rateApi.swift */,
				52820559230D4F3800CDF659 /* profileApi.swift */,
			);
			path = "API Services";
			sourceTree = "<group>";
		};
		CEDD930822C24D1F00278FDD /* Controller */ = {
			isa = PBXGroup;
			children = (
				CEF3523922C0DC2600ECD001 /* Login.swift */,
				CEDD930B22C24E1400278FDD /* SignUp.swift */,
				CEDD930D22C24E9700278FDD /* Home.swift */,
				CEDD930F22C2504B00278FDD /* More.swift */,
				CEDD931122C251EA00278FDD /* Products.swift */,
				CEDD931322C252B100278FDD /* ProductCategoryDetails.swift */,
				CEDD931522C2530500278FDD /* SingleProductDetail.swift */,
				CEDD931F22C2737200278FDD /* Cart.swift */,
				CEFC4FDB22C38C3400140BFD /* MyOrders.swift */,
				CEFC4FDD22C38C4C00140BFD /* MyOrdersDetail.swift */,
				CEA9B17422CA9B7C00FCBEBD /* myOrdersRate.swift */,
				CEA9B17622CAA7D000FCBEBD /* ProfileViewController.swift */,
				CEA9B17822CAB1A500FCBEBD /* FavoriteViewController.swift */,
				520C7F9122EEE8F200BEBC7D /* latestProducts.swift */,
				520C7F9322EEE90A00BEBC7D /* featureProducts.swift */,
				52559DF522F8420200BE5391 /* createOrder.swift */,
			);
			path = Controller;
			sourceTree = "<group>";
		};
		CEF3522B22C0DC2600ECD001 = {
			isa = PBXGroup;
			children = (
				CEF3523622C0DC2600ECD001 /* Style Cosmetics */,
				CEF3523522C0DC2600ECD001 /* Products */,
				71EC7E4F2823A8AD8881BEA7 /* Pods */,
				9CC076008DB83157950C0A9C /* Frameworks */,
			);
			sourceTree = "<group>";
		};
		CEF3523522C0DC2600ECD001 /* Products */ = {
			isa = PBXGroup;
			children = (
				CEF3523422C0DC2600ECD001 /* Style Cosmetics.app */,
			);
			name = Products;
			sourceTree = "<group>";
		};
		CEF3523622C0DC2600ECD001 /* Style Cosmetics */ = {
			isa = PBXGroup;
			children = (
				CEDD930822C24D1F00278FDD /* Controller */,
				CEDD930722C24D1500278FDD /* API Services */,
				CEDD930622C24D0B00278FDD /* Model */,
				CEF3524A22C1103600ECD001 /* View */,
				CEF3523722C0DC2600ECD001 /* AppDelegate.swift */,
				CEF3523B22C0DC2600ECD001 /* Main.storyboard */,
				528FAA9A22E75EFC0031E586 /* Config.swift */,
				528FAA9E22E7766F0031E586 /* helper.swift */,
				52820557230C444A00CDF659 /* Localizable.strings */,
				CEF3523E22C0DC2700ECD001 /* Assets.xcassets */,
				CEF3524022C0DC2700ECD001 /* LaunchScreen.storyboard */,
				5267E82822E864EF00B5EC65 /* placeholder.png */,
				520C7F9D22F0933900BEBC7D /* selected.png */,
				CEF3524322C0DC2700ECD001 /* Info.plist */,
			);
			path = "Style Cosmetics";
			sourceTree = "<group>";
		};
		CEF3524A22C1103600ECD001 /* View */ = {
			isa = PBXGroup;
			children = (
				5211646022DF23FB008AC521 /* Cells */,
				5211645F22DF23C2008AC521 /* Corner Round */,
			);
			path = View;
			sourceTree = "<group>";
		};
/* End PBXGroup section */

/* Begin PBXNativeTarget section */
		CEF3523322C0DC2600ECD001 /* Style Cosmetics */ = {
			isa = PBXNativeTarget;
			buildConfigurationList = CEF3524622C0DC2700ECD001 /* Build configuration list for PBXNativeTarget "Style Cosmetics" */;
			buildPhases = (
				72B3CB3C50454638519EFB17 /* [CP] Check Pods Manifest.lock */,
				CEF3523022C0DC2600ECD001 /* Sources */,
				CEF3523122C0DC2600ECD001 /* Frameworks */,
				CEF3523222C0DC2600ECD001 /* Resources */,
				BF8FE5ECCB1D68217CA37CE4 /* [CP] Embed Pods Frameworks */,
			);
			buildRules = (
			);
			dependencies = (
			);
			name = "Style Cosmetics";
			productName = "Style Cosmetics";
			productReference = CEF3523422C0DC2600ECD001 /* Style Cosmetics.app */;
			productType = "com.apple.product-type.application";
		};
/* End PBXNativeTarget section */

/* Begin PBXProject section */
		CEF3522C22C0DC2600ECD001 /* Project object */ = {
			isa = PBXProject;
			attributes = {
				LastSwiftUpdateCheck = 1000;
				LastUpgradeCheck = 1000;
				ORGANIZATIONNAME = user;
				TargetAttributes = {
					CEF3523322C0DC2600ECD001 = {
						CreatedOnToolsVersion = 10.0;
						LastSwiftMigration = 1020;
					};
				};
			};
			buildConfigurationList = CEF3522F22C0DC2600ECD001 /* Build configuration list for PBXProject "Style Cosmetics" */;
			compatibilityVersion = "Xcode 9.3";
			developmentRegion = en;
			hasScannedForEncodings = 0;
			knownRegions = (
				en,
				Base,
				he,
			);
			mainGroup = CEF3522B22C0DC2600ECD001;
			productRefGroup = CEF3523522C0DC2600ECD001 /* Products */;
			projectDirPath = "";
			projectRoot = "";
			targets = (
				CEF3523322C0DC2600ECD001 /* Style Cosmetics */,
			);
		};
/* End PBXProject section */

/* Begin PBXResourcesBuildPhase section */
		CEF3523222C0DC2600ECD001 /* Resources */ = {
			isa = PBXResourcesBuildPhase;
			buildActionMask = 2147483647;
			files = (
				CEF3524222C0DC2700ECD001 /* LaunchScreen.storyboard in Resources */,
				52820555230C444A00CDF659 /* Localizable.strings in Resources */,
				5267E82922E864EF00B5EC65 /* placeholder.png in Resources */,
				CEF3523F22C0DC2700ECD001 /* Assets.xcassets in Resources */,
				520C7F9E22F0933900BEBC7D /* selected.png in Resources */,
				CEF3523D22C0DC2600ECD001 /* Main.storyboard in Resources */,
			);
			runOnlyForDeploymentPostprocessing = 0;
		};
/* End PBXResourcesBuildPhase section */

/* Begin PBXShellScriptBuildPhase section */
		72B3CB3C50454638519EFB17 /* [CP] Check Pods Manifest.lock */ = {
			isa = PBXShellScriptBuildPhase;
			buildActionMask = 2147483647;
			files = (
			);
			inputFileListPaths = (
			);
			inputPaths = (
				"${PODS_PODFILE_DIR_PATH}/Podfile.lock",
				"${PODS_ROOT}/Manifest.lock",
			);
			name = "[CP] Check Pods Manifest.lock";
			outputFileListPaths = (
			);
			outputPaths = (
				"$(DERIVED_FILE_DIR)/Pods-Style Cosmetics-checkManifestLockResult.txt",
			);
			runOnlyForDeploymentPostprocessing = 0;
			shellPath = /bin/sh;
			shellScript = "diff \"${PODS_PODFILE_DIR_PATH}/Podfile.lock\" \"${PODS_ROOT}/Manifest.lock\" > /dev/null\nif [ $? != 0 ] ; then\n    # print error to STDERR\n    echo \"error: The sandbox is not in sync with the Podfile.lock. Run 'pod install' or update your CocoaPods installation.\" >&2\n    exit 1\nfi\n# This output is used by Xcode 'outputs' to avoid re-running this script phase.\necho \"SUCCESS\" > \"${SCRIPT_OUTPUT_FILE_0}\"\n";
			showEnvVarsInLog = 0;
		};
		BF8FE5ECCB1D68217CA37CE4 /* [CP] Embed Pods Frameworks */ = {
			isa = PBXShellScriptBuildPhase;
			buildActionMask = 2147483647;
			files = (
			);
			inputFileListPaths = (
				"${PODS_ROOT}/Target Support Files/Pods-Style Cosmetics/Pods-Style Cosmetics-frameworks-${CONFIGURATION}-input-files.xcfilelist",
			);
			name = "[CP] Embed Pods Frameworks";
			outputFileListPaths = (
				"${PODS_ROOT}/Target Support Files/Pods-Style Cosmetics/Pods-Style Cosmetics-frameworks-${CONFIGURATION}-output-files.xcfilelist",
			);
			runOnlyForDeploymentPostprocessing = 0;
			shellPath = /bin/sh;
			shellScript = "\"${PODS_ROOT}/Target Support Files/Pods-Style Cosmetics/Pods-Style Cosmetics-frameworks.sh\"\n";
			showEnvVarsInLog = 0;
		};
/* End PBXShellScriptBuildPhase section */

/* Begin PBXSourcesBuildPhase section */
		CEF3523022C0DC2600ECD001 /* Sources */ = {
			isa = PBXSourcesBuildPhase;
			buildActionMask = 2147483647;
			files = (
				CEA9B17922CAB1A500FCBEBD /* FavoriteViewController.swift in Sources */,
				CEDD931022C2504B00278FDD /* More.swift in Sources */,
				CEF3523A22C0DC2600ECD001 /* Login.swift in Sources */,
				CEDD931A22C2599000278FDD /* ProductCategoryDetailsCell.swift in Sources */,
				520C7F8C22EEE7FD00BEBC7D /* latestProductsCell.swift in Sources */,
				CEFC4FDE22C38C4C00140BFD /* MyOrdersDetail.swift in Sources */,
				520536EE22FC471300C8696C /* rateApi.swift in Sources */,
				52AA56E822DE1F3C002616B6 /* viewRound.swift in Sources */,
				CEDD931222C251EA00278FDD /* Products.swift in Sources */,
				CEC66E3A22CB54350029929A /* CartCell.swift in Sources */,
				520BCE0F22EA14B600FFB95D /* productColorCell.swift in Sources */,
				5211645E22DF23AF008AC521 /* textViewRound.swift in Sources */,
				520BCE0A22E9FBBD00FFB95D /* productsApi.swift in Sources */,
				CEDD930C22C24E1400278FDD /* SignUp.swift in Sources */,
				52559DF622F8420200BE5391 /* createOrder.swift in Sources */,
				CEA9B17722CAA7D000FCBEBD /* ProfileViewController.swift in Sources */,
				528FAA9B22E75EFC0031E586 /* Config.swift in Sources */,
				CEF3523822C0DC2600ECD001 /* AppDelegate.swift in Sources */,
				CEDD931E22C25E4900278FDD /* HomeProductsCell.swift in Sources */,
				CEDD931622C2530500278FDD /* SingleProductDetail.swift in Sources */,
				CEA9B17522CA9B7C00FCBEBD /* myOrdersRate.swift in Sources */,
				520C7F9422EEE90A00BEBC7D /* featureProducts.swift in Sources */,
				CEDD930A22C24D4100278FDD /* buttonRound.swift in Sources */,
				5211646222DF5172008AC521 /* singleProductDetailsCell.swift in Sources */,
				CEFC4FDC22C38C3400140BFD /* MyOrders.swift in Sources */,
				52AA56EE22DE2C73002616B6 /* circleView.swift in Sources */,
				CED24CF422CA4C320075FD9F /* MyOrdersDetailsCell.swift in Sources */,
				CEDD931422C252B100278FDD /* ProductCategoryDetails.swift in Sources */,
				CEF3524C22C1105300ECD001 /* textRound.swift in Sources */,
				528FAA9F22E7766F0031E586 /* helper.swift in Sources */,
				528C71DC22F1F32100E14789 /* favoriteApi.swift in Sources */,
				5207755322FB053B007708AA /* imageRound.swift in Sources */,
				528FAA9922E75D380031E586 /* API.swift in Sources */,
				520C7F9222EEE8F200BEBC7D /* latestProducts.swift in Sources */,
				5282055A230D4F3800CDF659 /* profileApi.swift in Sources */,
				520C7F9C22F08D0D00BEBC7D /* cartApi.swift in Sources */,
				CEDD931822C258F500278FDD /* ProductCell.swift in Sources */,
				5267E82422E857C900B5EC65 /* sliderModel.swift in Sources */,
				5211646422DF5C41008AC521 /* singleProductDetailsCollectionViewCell.swift in Sources */,
				CEDD930522C22DD700278FDD /* labelRound.swift in Sources */,
				520BCE0D22E9FC3900FFB95D /* productsModel.swift in Sources */,
				CEDD931C22C25C1800278FDD /* HomeServicesCell.swift in Sources */,
				52AA56E622DDD6A1002616B6 /* segmentedRound.swift in Sources */,
				CED24CF222CA0B900075FD9F /* MyOrdersCell.swift in Sources */,
				5267E82122E856EF00B5EC65 /* homeApi.swift in Sources */,
				CEA9B17B22CAB4C700FCBEBD /* FavoriteCell.swift in Sources */,
				520C7F8A22EEE7E300BEBC7D /* featureProductsCell.swift in Sources */,
				CEDD930E22C24E9700278FDD /* Home.swift in Sources */,
				CEDD932022C2737200278FDD /* Cart.swift in Sources */,
				521AF23D22DB810900D9E6DE /* HomeTopCollectionViewCell.swift in Sources */,
				5297601222F979570091B8CF /* orderApi.swift in Sources */,
			);
			runOnlyForDeploymentPostprocessing = 0;
		};
/* End PBXSourcesBuildPhase section */

/* Begin PBXVariantGroup section */
		52820557230C444A00CDF659 /* Localizable.strings */ = {
			isa = PBXVariantGroup;
			children = (
				52820556230C444A00CDF659 /* en */,
				52820558230C445200CDF659 /* he */,
			);
			name = Localizable.strings;
			sourceTree = "<group>";
		};
		CEF3523B22C0DC2600ECD001 /* Main.storyboard */ = {
			isa = PBXVariantGroup;
			children = (
				CEF3523C22C0DC2600ECD001 /* Base */,
				528E222D230C1E4900C42E2C /* he */,
			);
			name = Main.storyboard;
			sourceTree = "<group>";
		};
		CEF3524022C0DC2700ECD001 /* LaunchScreen.storyboard */ = {
			isa = PBXVariantGroup;
			children = (
				CEF3524122C0DC2700ECD001 /* Base */,
				528E222B230C13AD00C42E2C /* he */,
			);
			name = LaunchScreen.storyboard;
			sourceTree = "<group>";
		};
/* End PBXVariantGroup section */

/* Begin XCBuildConfiguration section */
		CEF3524422C0DC2700ECD001 /* Debug */ = {
			isa = XCBuildConfiguration;
			buildSettings = {
				ALWAYS_SEARCH_USER_PATHS = NO;
				CLANG_ANALYZER_LOCALIZABILITY_NONLOCALIZED = YES;
				CLANG_ANALYZER_NONNULL = YES;
				CLANG_ANALYZER_NUMBER_OBJECT_CONVERSION = YES_AGGRESSIVE;
				CLANG_CXX_LANGUAGE_STANDARD = "gnu++14";
				CLANG_CXX_LIBRARY = "libc++";
				CLANG_ENABLE_MODULES = YES;
				CLANG_ENABLE_OBJC_ARC = YES;
				CLANG_ENABLE_OBJC_WEAK = YES;
				CLANG_WARN_BLOCK_CAPTURE_AUTORELEASING = YES;
				CLANG_WARN_BOOL_CONVERSION = YES;
				CLANG_WARN_COMMA = YES;
				CLANG_WARN_CONSTANT_CONVERSION = YES;
				CLANG_WARN_DEPRECATED_OBJC_IMPLEMENTATIONS = YES;
				CLANG_WARN_DIRECT_OBJC_ISA_USAGE = YES_ERROR;
				CLANG_WARN_DOCUMENTATION_COMMENTS = YES;
				CLANG_WARN_EMPTY_BODY = YES;
				CLANG_WARN_ENUM_CONVERSION = YES;
				CLANG_WARN_INFINITE_RECURSION = YES;
				CLANG_WARN_INT_CONVERSION = YES;
				CLANG_WARN_NON_LITERAL_NULL_CONVERSION = YES;
				CLANG_WARN_OBJC_IMPLICIT_RETAIN_SELF = YES;
				CLANG_WARN_OBJC_LITERAL_CONVERSION = YES;
				CLANG_WARN_OBJC_ROOT_CLASS = YES_ERROR;
				CLANG_WARN_RANGE_LOOP_ANALYSIS = YES;
				CLANG_WARN_STRICT_PROTOTYPES = YES;
				CLANG_WARN_SUSPICIOUS_MOVE = YES;
				CLANG_WARN_UNGUARDED_AVAILABILITY = YES_AGGRESSIVE;
				CLANG_WARN_UNREACHABLE_CODE = YES;
				CLANG_WARN__DUPLICATE_METHOD_MATCH = YES;
				CODE_SIGN_IDENTITY = "iPhone Developer";
				COPY_PHASE_STRIP = NO;
				DEBUG_INFORMATION_FORMAT = dwarf;
				ENABLE_STRICT_OBJC_MSGSEND = YES;
				ENABLE_TESTABILITY = YES;
				GCC_C_LANGUAGE_STANDARD = gnu11;
				GCC_DYNAMIC_NO_PIC = NO;
				GCC_NO_COMMON_BLOCKS = YES;
				GCC_OPTIMIZATION_LEVEL = 0;
				GCC_PREPROCESSOR_DEFINITIONS = (
					"DEBUG=1",
					"$(inherited)",
				);
				GCC_WARN_64_TO_32_BIT_CONVERSION = YES;
				GCC_WARN_ABOUT_RETURN_TYPE = YES_ERROR;
				GCC_WARN_UNDECLARED_SELECTOR = YES;
				GCC_WARN_UNINITIALIZED_AUTOS = YES_AGGRESSIVE;
				GCC_WARN_UNUSED_FUNCTION = YES;
				GCC_WARN_UNUSED_VARIABLE = YES;
				IPHONEOS_DEPLOYMENT_TARGET = 12.0;
				MTL_ENABLE_DEBUG_INFO = INCLUDE_SOURCE;
				MTL_FAST_MATH = YES;
				ONLY_ACTIVE_ARCH = YES;
				SDKROOT = iphoneos;
				SWIFT_ACTIVE_COMPILATION_CONDITIONS = DEBUG;
				SWIFT_OPTIMIZATION_LEVEL = "-Onone";
			};
			name = Debug;
		};
		CEF3524522C0DC2700ECD001 /* Release */ = {
			isa = XCBuildConfiguration;
			buildSettings = {
				ALWAYS_SEARCH_USER_PATHS = NO;
				CLANG_ANALYZER_LOCALIZABILITY_NONLOCALIZED = YES;
				CLANG_ANALYZER_NONNULL = YES;
				CLANG_ANALYZER_NUMBER_OBJECT_CONVERSION = YES_AGGRESSIVE;
				CLANG_CXX_LANGUAGE_STANDARD = "gnu++14";
				CLANG_CXX_LIBRARY = "libc++";
				CLANG_ENABLE_MODULES = YES;
				CLANG_ENABLE_OBJC_ARC = YES;
				CLANG_ENABLE_OBJC_WEAK = YES;
				CLANG_WARN_BLOCK_CAPTURE_AUTORELEASING = YES;
				CLANG_WARN_BOOL_CONVERSION = YES;
				CLANG_WARN_COMMA = YES;
				CLANG_WARN_CONSTANT_CONVERSION = YES;
				CLANG_WARN_DEPRECATED_OBJC_IMPLEMENTATIONS = YES;
				CLANG_WARN_DIRECT_OBJC_ISA_USAGE = YES_ERROR;
				CLANG_WARN_DOCUMENTATION_COMMENTS = YES;
				CLANG_WARN_EMPTY_BODY = YES;
				CLANG_WARN_ENUM_CONVERSION = YES;
				CLANG_WARN_INFINITE_RECURSION = YES;
				CLANG_WARN_INT_CONVERSION = YES;
				CLANG_WARN_NON_LITERAL_NULL_CONVERSION = YES;
				CLANG_WARN_OBJC_IMPLICIT_RETAIN_SELF = YES;
				CLANG_WARN_OBJC_LITERAL_CONVERSION = YES;
				CLANG_WARN_OBJC_ROOT_CLASS = YES_ERROR;
				CLANG_WARN_RANGE_LOOP_ANALYSIS = YES;
				CLANG_WARN_STRICT_PROTOTYPES = YES;
				CLANG_WARN_SUSPICIOUS_MOVE = YES;
				CLANG_WARN_UNGUARDED_AVAILABILITY = YES_AGGRESSIVE;
				CLANG_WARN_UNREACHABLE_CODE = YES;
				CLANG_WARN__DUPLICATE_METHOD_MATCH = YES;
				CODE_SIGN_IDENTITY = "iPhone Developer";
				COPY_PHASE_STRIP = NO;
				DEBUG_INFORMATION_FORMAT = "dwarf-with-dsym";
				ENABLE_NS_ASSERTIONS = NO;
				ENABLE_STRICT_OBJC_MSGSEND = YES;
				GCC_C_LANGUAGE_STANDARD = gnu11;
				GCC_NO_COMMON_BLOCKS = YES;
				GCC_WARN_64_TO_32_BIT_CONVERSION = YES;
				GCC_WARN_ABOUT_RETURN_TYPE = YES_ERROR;
				GCC_WARN_UNDECLARED_SELECTOR = YES;
				GCC_WARN_UNINITIALIZED_AUTOS = YES_AGGRESSIVE;
				GCC_WARN_UNUSED_FUNCTION = YES;
				GCC_WARN_UNUSED_VARIABLE = YES;
				IPHONEOS_DEPLOYMENT_TARGET = 12.0;
				MTL_ENABLE_DEBUG_INFO = NO;
				MTL_FAST_MATH = YES;
				SDKROOT = iphoneos;
				SWIFT_COMPILATION_MODE = wholemodule;
				SWIFT_OPTIMIZATION_LEVEL = "-O";
				VALIDATE_PRODUCT = YES;
			};
			name = Release;
		};
		CEF3524722C0DC2700ECD001 /* Debug */ = {
			isa = XCBuildConfiguration;
			baseConfigurationReference = D71926021429E2C9FA29B2DB /* Pods-Style Cosmetics.debug.xcconfig */;
			buildSettings = {
				ASSETCATALOG_COMPILER_APPICON_NAME = AppIcon;
				CODE_SIGN_STYLE = Automatic;
				DEVELOPMENT_TEAM = W3Z4392KVG;
				INFOPLIST_FILE = "Style Cosmetics/Info.plist";
				IPHONEOS_DEPLOYMENT_TARGET = 11.0;
				LD_RUNPATH_SEARCH_PATHS = (
					"$(inherited)",
					"@executable_path/Frameworks",
				);
				PRODUCT_BUNDLE_IDENTIFIER = "tariq.Style-Cosmetics";
				PRODUCT_NAME = "$(TARGET_NAME)";
				SWIFT_VERSION = 5.0;
				TARGETED_DEVICE_FAMILY = "1,2";
			};
			name = Debug;
		};
		CEF3524822C0DC2700ECD001 /* Release */ = {
			isa = XCBuildConfiguration;
			baseConfigurationReference = 7B153502FF1EF05C01A5EDB4 /* Pods-Style Cosmetics.release.xcconfig */;
			buildSettings = {
				ASSETCATALOG_COMPILER_APPICON_NAME = AppIcon;
				CODE_SIGN_STYLE = Automatic;
				DEVELOPMENT_TEAM = W3Z4392KVG;
				INFOPLIST_FILE = "Style Cosmetics/Info.plist";
				IPHONEOS_DEPLOYMENT_TARGET = 11.0;
				LD_RUNPATH_SEARCH_PATHS = (
					"$(inherited)",
					"@executable_path/Frameworks",
				);
				PRODUCT_BUNDLE_IDENTIFIER = "tariq.Style-Cosmetics";
				PRODUCT_NAME = "$(TARGET_NAME)";
				SWIFT_VERSION = 5.0;
				TARGETED_DEVICE_FAMILY = "1,2";
			};
			name = Release;
		};
/* End XCBuildConfiguration section */

/* Begin XCConfigurationList section */
		CEF3522F22C0DC2600ECD001 /* Build configuration list for PBXProject "Style Cosmetics" */ = {
			isa = XCConfigurationList;
			buildConfigurations = (
				CEF3524422C0DC2700ECD001 /* Debug */,
				CEF3524522C0DC2700ECD001 /* Release */,
			);
			defaultConfigurationIsVisible = 0;
			defaultConfigurationName = Release;
		};
		CEF3524622C0DC2700ECD001 /* Build configuration list for PBXNativeTarget "Style Cosmetics" */ = {
			isa = XCConfigurationList;
			buildConfigurations = (
				CEF3524722C0DC2700ECD001 /* Debug */,
				CEF3524822C0DC2700ECD001 /* Release */,
			);
			defaultConfigurationIsVisible = 0;
			defaultConfigurationName = Release;
		};
/* End XCConfigurationList section */
	};
	rootObject = CEF3522C22C0DC2600ECD001 /* Project object */;
}
